
Microsoft Visual Studio Solution File, Format Version 12.00
# Visual Studio Version 16
VisualStudioVersion = 16.0.29728.190
MinimumVisualStudioVersion = 10.0.40219.1
Project("{9A19103F-16F7-4668-BE54-9A1E7A4F7556}") = "CurrencyConverter", "stripe_api_dependentservices\CurrencyConverter.csproj", "{FD0F8DF7-E49A-440D-9439-AC5C6CBB7A26}"
EndProject
Global
	GlobalSection(SolutionConfigurationPlatforms) = preSolution
		Debug|Any CPU = Debug|Any CPU
		Release|Any CPU = Release|Any CPU
	EndGlobalSection
	GlobalSection(ProjectConfigurationPlatforms) = postSolution
		{FD0F8DF7-E49A-440D-9439-AC5C6CBB7A26}.Debug|Any CPU.ActiveCfg = Debug|Any CPU
		{FD0F8DF7-E49A-440D-9439-AC5C6CBB7A26}.Debug|Any CPU.Build.0 = Debug|Any CPU
		{FD0F8DF7-E49A-440D-9439-AC5C6CBB7A26}.Release|Any CPU.ActiveCfg = Release|Any CPU
		{FD0F8DF7-E49A-440D-9439-AC5C6CBB7A26}.Release|Any CPU.Build.0 = Release|Any CPU
	EndGlobalSection
	GlobalSection(SolutionProperties) = preSolution
		HideSolutionNode = FALSE
	EndGlobalSection
	GlobalSection(ExtensibilityGlobals) = postSolution
		SolutionGuid = {B030CD18-90D4-4B3E-87D9-3025A56F7C04}
	EndGlobalSection
EndGlobal
